// !$*UTF8*$!
{
	archiveVersion = 1;
	classes = {
	};
	objectVersion = 50;
	objects = {

/* Begin PBXBuildFile section */
		B4258E40263194620017ED37 /* BuffSDK.swift in Sources */ = {isa = PBXBuildFile; fileRef = B4258E15263194610017ED37 /* BuffSDK.swift */; };
		B4258E41263194620017ED37 /* BuffSDK.h in Headers */ = {isa = PBXBuildFile; fileRef = B4258E17263194610017ED37 /* BuffSDK.h */; settings = {ATTRIBUTES = (Public, ); }; };
		B4258E43263194620017ED37 /* UIView+Extensions.swift in Sources */ = {isa = PBXBuildFile; fileRef = B4258E1D263194620017ED37 /* UIView+Extensions.swift */; };
		B4258E44263194620017ED37 /* UIView+QuizShowable.swift in Sources */ = {isa = PBXBuildFile; fileRef = B4258E1E263194620017ED37 /* UIView+QuizShowable.swift */; };
		B4258E45263194620017ED37 /* Bundle+Extensions.swift in Sources */ = {isa = PBXBuildFile; fileRef = B4258E1F263194620017ED37 /* Bundle+Extensions.swift */; };
		B4258E46263194620017ED37 /* BuffView.swift in Sources */ = {isa = PBXBuildFile; fileRef = B4258E21263194620017ED37 /* BuffView.swift */; };
		B4258E47263194620017ED37 /* UIViewNibLoadable.swift in Sources */ = {isa = PBXBuildFile; fileRef = B4258E22263194620017ED37 /* UIViewNibLoadable.swift */; };
		B4258E49263194620017ED37 /* CircularTimer.swift in Sources */ = {isa = PBXBuildFile; fileRef = B4258E24263194620017ED37 /* CircularTimer.swift */; };
		B4258E4D263194620017ED37 /* Author.swift in Sources */ = {isa = PBXBuildFile; fileRef = B4258E2D263194620017ED37 /* Author.swift */; };
		B4258E4E263194620017ED37 /* Image.swift in Sources */ = {isa = PBXBuildFile; fileRef = B4258E2E263194620017ED37 /* Image.swift */; };
		B4258E4F263194620017ED37 /* Question.swift in Sources */ = {isa = PBXBuildFile; fileRef = B4258E2F263194620017ED37 /* Question.swift */; };
		B4258E51263194620017ED37 /* BuffDelegate.swift in Sources */ = {isa = PBXBuildFile; fileRef = B4258E31263194620017ED37 /* BuffDelegate.swift */; };
		B4258E52263194620017ED37 /* ModelConstants.swift in Sources */ = {isa = PBXBuildFile; fileRef = B4258E32263194620017ED37 /* ModelConstants.swift */; };
		B4258E53263194620017ED37 /* Buffable.swift in Sources */ = {isa = PBXBuildFile; fileRef = B4258E33263194620017ED37 /* Buffable.swift */; };
		B4258E54263194620017ED37 /* Answer.swift in Sources */ = {isa = PBXBuildFile; fileRef = B4258E34263194620017ED37 /* Answer.swift */; };
		B4258E55263194620017ED37 /* BuffStartingResults.swift in Sources */ = {isa = PBXBuildFile; fileRef = B4258E35263194620017ED37 /* BuffStartingResults.swift */; };
		B4258E56263194620017ED37 /* Quiz.swift in Sources */ = {isa = PBXBuildFile; fileRef = B4258E36263194620017ED37 /* Quiz.swift */; };
		B4258E57263194620017ED37 /* FetchingError.swift in Sources */ = {isa = PBXBuildFile; fileRef = B4258E37263194620017ED37 /* FetchingError.swift */; };
		B4258E58263194620017ED37 /* APIConstants.swift in Sources */ = {isa = PBXBuildFile; fileRef = B4258E39263194620017ED37 /* APIConstants.swift */; };
		B4258E59263194620017ED37 /* QuizFetcher.swift in Sources */ = {isa = PBXBuildFile; fileRef = B4258E3B263194620017ED37 /* QuizFetcher.swift */; };
		B4258E5A263194620017ED37 /* Fetcher.swift in Sources */ = {isa = PBXBuildFile; fileRef = B4258E3C263194620017ED37 /* Fetcher.swift */; };
		B4258E5B263194620017ED37 /* ResponseValidator.swift in Sources */ = {isa = PBXBuildFile; fileRef = B4258E3E263194620017ED37 /* ResponseValidator.swift */; };
		B4258E6E263198280017ED37 /* BuffResponse.swift in Sources */ = {isa = PBXBuildFile; fileRef = B4258E6D263198280017ED37 /* BuffResponse.swift */; };
		B4258E7C26319F690017ED37 /* CatBreedsEndpoint.swift in Sources */ = {isa = PBXBuildFile; fileRef = B4258E7826319F690017ED37 /* CatBreedsEndpoint.swift */; };
		B4258E7D26319F690017ED37 /* Endpoint.swift in Sources */ = {isa = PBXBuildFile; fileRef = B4258E7926319F690017ED37 /* Endpoint.swift */; };
		B427372D26301126003D443A /* ResponseValidatorTests.swift in Sources */ = {isa = PBXBuildFile; fileRef = B427372C26301126003D443A /* ResponseValidatorTests.swift */; };
		B42AEB982631BA7B00FC88DD /* BuffView.xib in Resources */ = {isa = PBXBuildFile; fileRef = B4258E23263194620017ED37 /* BuffView.xib */; };
		B475B04A262F77000047C8CC /* BuffsEndpointTests.swift in Sources */ = {isa = PBXBuildFile; fileRef = B475B049262F77000047C8CC /* BuffsEndpointTests.swift */; };
		B48059782632EE9000BCF9AB /* UIViewController+QuizShowable.swift in Sources */ = {isa = PBXBuildFile; fileRef = B48059772632EE9000BCF9AB /* UIViewController+QuizShowable.swift */; };
		B4EA9C172632B48000DF1DF0 /* QuestionTableViewCell.swift in Sources */ = {isa = PBXBuildFile; fileRef = B4EA9C152632B48000DF1DF0 /* QuestionTableViewCell.swift */; };
		B4EA9C182632B48000DF1DF0 /* QuestionTableViewCell.xib in Resources */ = {isa = PBXBuildFile; fileRef = B4EA9C162632B48000DF1DF0 /* QuestionTableViewCell.xib */; };
		B4EA9C1D2632B65900DF1DF0 /* AuthorTableViewCell.swift in Sources */ = {isa = PBXBuildFile; fileRef = B4EA9C1B2632B65900DF1DF0 /* AuthorTableViewCell.swift */; };
		B4EA9C1E2632B65900DF1DF0 /* AuthorTableViewCell.xib in Resources */ = {isa = PBXBuildFile; fileRef = B4EA9C1C2632B65900DF1DF0 /* AuthorTableViewCell.xib */; };
		B4EA9C232632B67400DF1DF0 /* AnswerTableViewCell.swift in Sources */ = {isa = PBXBuildFile; fileRef = B4EA9C212632B67400DF1DF0 /* AnswerTableViewCell.swift */; };
		B4EA9C302632D15D00DF1DF0 /* Assets.xcassets in Resources */ = {isa = PBXBuildFile; fileRef = B4258E19263194620017ED37 /* Assets.xcassets */; };
		B4EA9C3B2632D83700DF1DF0 /* AnswerTableViewCell.xib in Resources */ = {isa = PBXBuildFile; fileRef = B4EA9C3A2632D83700DF1DF0 /* AnswerTableViewCell.xib */; };
		E6652CC52384247B00A1BF6D /* BuffSDK.framework in Frameworks */ = {isa = PBXBuildFile; fileRef = E6652CBB2384247B00A1BF6D /* BuffSDK.framework */; };
/* End PBXBuildFile section */

/* Begin PBXContainerItemProxy section */
		E6652CC62384247B00A1BF6D /* PBXContainerItemProxy */ = {
			isa = PBXContainerItemProxy;
			containerPortal = E6652CB22384247B00A1BF6D /* Project object */;
			proxyType = 1;
			remoteGlobalIDString = E6652CBA2384247B00A1BF6D;
			remoteInfo = BuffSDK;
		};
/* End PBXContainerItemProxy section */

/* Begin PBXFileReference section */
		B4258E15263194610017ED37 /* BuffSDK.swift */ = {isa = PBXFileReference; fileEncoding = 4; lastKnownFileType = sourcecode.swift; path = BuffSDK.swift; sourceTree = "<group>"; };
		B4258E17263194610017ED37 /* BuffSDK.h */ = {isa = PBXFileReference; fileEncoding = 4; lastKnownFileType = sourcecode.c.h; path = BuffSDK.h; sourceTree = "<group>"; };
		B4258E19263194620017ED37 /* Assets.xcassets */ = {isa = PBXFileReference; lastKnownFileType = folder.assetcatalog; path = Assets.xcassets; sourceTree = "<group>"; };
		B4258E1D263194620017ED37 /* UIView+Extensions.swift */ = {isa = PBXFileReference; fileEncoding = 4; lastKnownFileType = sourcecode.swift; path = "UIView+Extensions.swift"; sourceTree = "<group>"; };
		B4258E1E263194620017ED37 /* UIView+QuizShowable.swift */ = {isa = PBXFileReference; fileEncoding = 4; lastKnownFileType = sourcecode.swift; path = "UIView+QuizShowable.swift"; sourceTree = "<group>"; };
		B4258E1F263194620017ED37 /* Bundle+Extensions.swift */ = {isa = PBXFileReference; fileEncoding = 4; lastKnownFileType = sourcecode.swift; path = "Bundle+Extensions.swift"; sourceTree = "<group>"; };
		B4258E21263194620017ED37 /* BuffView.swift */ = {isa = PBXFileReference; fileEncoding = 4; lastKnownFileType = sourcecode.swift; path = BuffView.swift; sourceTree = "<group>"; };
		B4258E22263194620017ED37 /* UIViewNibLoadable.swift */ = {isa = PBXFileReference; fileEncoding = 4; lastKnownFileType = sourcecode.swift; path = UIViewNibLoadable.swift; sourceTree = "<group>"; };
		B4258E23263194620017ED37 /* BuffView.xib */ = {isa = PBXFileReference; fileEncoding = 4; lastKnownFileType = file.xib; path = BuffView.xib; sourceTree = "<group>"; };
		B4258E24263194620017ED37 /* CircularTimer.swift */ = {isa = PBXFileReference; fileEncoding = 4; lastKnownFileType = sourcecode.swift; path = CircularTimer.swift; sourceTree = "<group>"; };
		B4258E27263194620017ED37 /* View+Quizzable.swift */ = {isa = PBXFileReference; fileEncoding = 4; lastKnownFileType = sourcecode.swift; path = "View+Quizzable.swift"; sourceTree = "<group>"; };
		B4258E2D263194620017ED37 /* Author.swift */ = {isa = PBXFileReference; fileEncoding = 4; lastKnownFileType = sourcecode.swift; path = Author.swift; sourceTree = "<group>"; };
		B4258E2E263194620017ED37 /* Image.swift */ = {isa = PBXFileReference; fileEncoding = 4; lastKnownFileType = sourcecode.swift; path = Image.swift; sourceTree = "<group>"; };
		B4258E2F263194620017ED37 /* Question.swift */ = {isa = PBXFileReference; fileEncoding = 4; lastKnownFileType = sourcecode.swift; path = Question.swift; sourceTree = "<group>"; };
		B4258E31263194620017ED37 /* BuffDelegate.swift */ = {isa = PBXFileReference; fileEncoding = 4; lastKnownFileType = sourcecode.swift; path = BuffDelegate.swift; sourceTree = "<group>"; };
		B4258E32263194620017ED37 /* ModelConstants.swift */ = {isa = PBXFileReference; fileEncoding = 4; lastKnownFileType = sourcecode.swift; path = ModelConstants.swift; sourceTree = "<group>"; };
		B4258E33263194620017ED37 /* Buffable.swift */ = {isa = PBXFileReference; fileEncoding = 4; lastKnownFileType = sourcecode.swift; path = Buffable.swift; sourceTree = "<group>"; };
		B4258E34263194620017ED37 /* Answer.swift */ = {isa = PBXFileReference; fileEncoding = 4; lastKnownFileType = sourcecode.swift; path = Answer.swift; sourceTree = "<group>"; };
		B4258E35263194620017ED37 /* BuffStartingResults.swift */ = {isa = PBXFileReference; fileEncoding = 4; lastKnownFileType = sourcecode.swift; path = BuffStartingResults.swift; sourceTree = "<group>"; };
		B4258E36263194620017ED37 /* Quiz.swift */ = {isa = PBXFileReference; fileEncoding = 4; lastKnownFileType = sourcecode.swift; path = Quiz.swift; sourceTree = "<group>"; };
		B4258E37263194620017ED37 /* FetchingError.swift */ = {isa = PBXFileReference; fileEncoding = 4; lastKnownFileType = sourcecode.swift; path = FetchingError.swift; sourceTree = "<group>"; };
		B4258E39263194620017ED37 /* APIConstants.swift */ = {isa = PBXFileReference; fileEncoding = 4; lastKnownFileType = sourcecode.swift; path = APIConstants.swift; sourceTree = "<group>"; };
		B4258E3B263194620017ED37 /* QuizFetcher.swift */ = {isa = PBXFileReference; fileEncoding = 4; lastKnownFileType = sourcecode.swift; path = QuizFetcher.swift; sourceTree = "<group>"; };
		B4258E3C263194620017ED37 /* Fetcher.swift */ = {isa = PBXFileReference; fileEncoding = 4; lastKnownFileType = sourcecode.swift; path = Fetcher.swift; sourceTree = "<group>"; };
		B4258E3E263194620017ED37 /* ResponseValidator.swift */ = {isa = PBXFileReference; fileEncoding = 4; lastKnownFileType = sourcecode.swift; path = ResponseValidator.swift; sourceTree = "<group>"; };
		B4258E3F263194620017ED37 /* Info.plist */ = {isa = PBXFileReference; fileEncoding = 4; lastKnownFileType = text.plist.xml; path = Info.plist; sourceTree = "<group>"; };
		B4258E6D263198280017ED37 /* BuffResponse.swift */ = {isa = PBXFileReference; lastKnownFileType = sourcecode.swift; path = BuffResponse.swift; sourceTree = "<group>"; };
		B4258E7826319F690017ED37 /* CatBreedsEndpoint.swift */ = {isa = PBXFileReference; fileEncoding = 4; lastKnownFileType = sourcecode.swift; path = CatBreedsEndpoint.swift; sourceTree = "<group>"; };
		B4258E7926319F690017ED37 /* Endpoint.swift */ = {isa = PBXFileReference; fileEncoding = 4; lastKnownFileType = sourcecode.swift; path = Endpoint.swift; sourceTree = "<group>"; };
		B427372C26301126003D443A /* ResponseValidatorTests.swift */ = {isa = PBXFileReference; fileEncoding = 4; lastKnownFileType = sourcecode.swift; path = ResponseValidatorTests.swift; sourceTree = "<group>"; };
		B475B049262F77000047C8CC /* BuffsEndpointTests.swift */ = {isa = PBXFileReference; fileEncoding = 4; lastKnownFileType = sourcecode.swift; path = BuffsEndpointTests.swift; sourceTree = "<group>"; };
		B48059772632EE9000BCF9AB /* UIViewController+QuizShowable.swift */ = {isa = PBXFileReference; lastKnownFileType = sourcecode.swift; path = "UIViewController+QuizShowable.swift"; sourceTree = "<group>"; };
		B480597D2632EF8000BCF9AB /* README_sdk_users.md */ = {isa = PBXFileReference; lastKnownFileType = net.daringfireball.markdown; path = README_sdk_users.md; sourceTree = "<group>"; };
		B48059802632F1F900BCF9AB /* README_challengeReviewers.md */ = {isa = PBXFileReference; lastKnownFileType = net.daringfireball.markdown; path = README_challengeReviewers.md; sourceTree = "<group>"; };
		B4EA9C152632B48000DF1DF0 /* QuestionTableViewCell.swift */ = {isa = PBXFileReference; lastKnownFileType = sourcecode.swift; path = QuestionTableViewCell.swift; sourceTree = "<group>"; };
		B4EA9C162632B48000DF1DF0 /* QuestionTableViewCell.xib */ = {isa = PBXFileReference; lastKnownFileType = file.xib; path = QuestionTableViewCell.xib; sourceTree = "<group>"; };
		B4EA9C1B2632B65900DF1DF0 /* AuthorTableViewCell.swift */ = {isa = PBXFileReference; lastKnownFileType = sourcecode.swift; path = AuthorTableViewCell.swift; sourceTree = "<group>"; };
		B4EA9C1C2632B65900DF1DF0 /* AuthorTableViewCell.xib */ = {isa = PBXFileReference; lastKnownFileType = file.xib; path = AuthorTableViewCell.xib; sourceTree = "<group>"; };
		B4EA9C212632B67400DF1DF0 /* AnswerTableViewCell.swift */ = {isa = PBXFileReference; lastKnownFileType = sourcecode.swift; path = AnswerTableViewCell.swift; sourceTree = "<group>"; };
		B4EA9C3A2632D83700DF1DF0 /* AnswerTableViewCell.xib */ = {isa = PBXFileReference; lastKnownFileType = file.xib; path = AnswerTableViewCell.xib; sourceTree = "<group>"; };
		E6652CBB2384247B00A1BF6D /* BuffSDK.framework */ = {isa = PBXFileReference; explicitFileType = wrapper.framework; includeInIndex = 0; path = BuffSDK.framework; sourceTree = BUILT_PRODUCTS_DIR; };
		E6652CC42384247B00A1BF6D /* BuffSDKTests.xctest */ = {isa = PBXFileReference; explicitFileType = wrapper.cfbundle; includeInIndex = 0; path = BuffSDKTests.xctest; sourceTree = BUILT_PRODUCTS_DIR; };
		E6652CCB2384247B00A1BF6D /* Info.plist */ = {isa = PBXFileReference; lastKnownFileType = text.plist.xml; path = Info.plist; sourceTree = "<group>"; };
/* End PBXFileReference section */

/* Begin PBXFrameworksBuildPhase section */
		E6652CB82384247B00A1BF6D /* Frameworks */ = {
			isa = PBXFrameworksBuildPhase;
			buildActionMask = 2147483647;
			files = (
			);
			runOnlyForDeploymentPostprocessing = 0;
		};
		E6652CC12384247B00A1BF6D /* Frameworks */ = {
			isa = PBXFrameworksBuildPhase;
			buildActionMask = 2147483647;
			files = (
				E6652CC52384247B00A1BF6D /* BuffSDK.framework in Frameworks */,
			);
			runOnlyForDeploymentPostprocessing = 0;
		};
/* End PBXFrameworksBuildPhase section */

/* Begin PBXGroup section */
		B4258E14263194610017ED37 /* BuffSDK */ = {
			isa = PBXGroup;
			children = (
				B480597D2632EF8000BCF9AB /* README_sdk_users.md */,
				B48059802632F1F900BCF9AB /* README_challengeReviewers.md */,
				B4258E15263194610017ED37 /* BuffSDK.swift */,
				B4258E38263194620017ED37 /* API */,
				B4258E16263194610017ED37 /* Misc */,
				B4258E2B263194620017ED37 /* Model */,
				B4258E1A263194620017ED37 /* UI */,
				B4258E3F263194620017ED37 /* Info.plist */,
			);
			path = BuffSDK;
			sourceTree = "<group>";
		};
		B4258E16263194610017ED37 /* Misc */ = {
			isa = PBXGroup;
			children = (
				B4258E17263194610017ED37 /* BuffSDK.h */,
			);
			path = Misc;
			sourceTree = "<group>";
		};
		B4258E1A263194620017ED37 /* UI */ = {
			isa = PBXGroup;
			children = (
				B4258E19263194620017ED37 /* Assets.xcassets */,
				B4258E1B263194620017ED37 /* UIKIt */,
				B4258E25263194620017ED37 /* SwiftUI */,
			);
			path = UI;
			sourceTree = "<group>";
		};
		B4258E1B263194620017ED37 /* UIKIt */ = {
			isa = PBXGroup;
			children = (
				B4258E22263194620017ED37 /* UIViewNibLoadable.swift */,
				B4EA9C272632B67C00DF1DF0 /* Cells */,
				B4258E1C263194620017ED37 /* Extensions */,
				B4258E20263194620017ED37 /* Views */,
			);
			path = UIKIt;
			sourceTree = "<group>";
		};
		B4258E1C263194620017ED37 /* Extensions */ = {
			isa = PBXGroup;
			children = (
				B4258E1D263194620017ED37 /* UIView+Extensions.swift */,
				B4258E1E263194620017ED37 /* UIView+QuizShowable.swift */,
				B48059772632EE9000BCF9AB /* UIViewController+QuizShowable.swift */,
				B4258E1F263194620017ED37 /* Bundle+Extensions.swift */,
			);
			path = Extensions;
			sourceTree = "<group>";
		};
		B4258E20263194620017ED37 /* Views */ = {
			isa = PBXGroup;
			children = (
				B4258E21263194620017ED37 /* BuffView.swift */,
				B4258E23263194620017ED37 /* BuffView.xib */,
				B4258E24263194620017ED37 /* CircularTimer.swift */,
			);
			path = Views;
			sourceTree = "<group>";
		};
		B4258E25263194620017ED37 /* SwiftUI */ = {
			isa = PBXGroup;
			children = (
				B4258E26263194620017ED37 /* Extensions */,
			);
			path = SwiftUI;
			sourceTree = "<group>";
		};
		B4258E26263194620017ED37 /* Extensions */ = {
			isa = PBXGroup;
			children = (
				B4258E27263194620017ED37 /* View+Quizzable.swift */,
			);
			path = Extensions;
			sourceTree = "<group>";
		};
		B4258E2B263194620017ED37 /* Model */ = {
			isa = PBXGroup;
			children = (
				B4258E2D263194620017ED37 /* Author.swift */,
				B4258E2E263194620017ED37 /* Image.swift */,
				B4258E2F263194620017ED37 /* Question.swift */,
				B4258E31263194620017ED37 /* BuffDelegate.swift */,
				B4258E32263194620017ED37 /* ModelConstants.swift */,
				B4258E33263194620017ED37 /* Buffable.swift */,
				B4258E34263194620017ED37 /* Answer.swift */,
				B4258E35263194620017ED37 /* BuffStartingResults.swift */,
				B4258E36263194620017ED37 /* Quiz.swift */,
				B4258E37263194620017ED37 /* FetchingError.swift */,
			);
			path = Model;
			sourceTree = "<group>";
		};
		B4258E38263194620017ED37 /* API */ = {
			isa = PBXGroup;
			children = (
				B4258E39263194620017ED37 /* APIConstants.swift */,
				B4258E7526319F690017ED37 /* Endpoints */,
				B4258E3A263194620017ED37 /* Fetchers */,
				B4258E3D263194620017ED37 /* Responses */,
			);
			path = API;
			sourceTree = "<group>";
		};
		B4258E3A263194620017ED37 /* Fetchers */ = {
			isa = PBXGroup;
			children = (
				B4258E3B263194620017ED37 /* QuizFetcher.swift */,
				B4258E3C263194620017ED37 /* Fetcher.swift */,
			);
			path = Fetchers;
			sourceTree = "<group>";
		};
		B4258E3D263194620017ED37 /* Responses */ = {
			isa = PBXGroup;
			children = (
				B4258E6D263198280017ED37 /* BuffResponse.swift */,
				B4258E3E263194620017ED37 /* ResponseValidator.swift */,
			);
			path = Responses;
			sourceTree = "<group>";
		};
		B4258E7526319F690017ED37 /* Endpoints */ = {
			isa = PBXGroup;
			children = (
				B4258E7826319F690017ED37 /* CatBreedsEndpoint.swift */,
				B4258E7926319F690017ED37 /* Endpoint.swift */,
			);
			path = Endpoints;
			sourceTree = "<group>";
		};
		B4EA9C272632B67C00DF1DF0 /* Cells */ = {
			isa = PBXGroup;
			children = (
				B4EA9C212632B67400DF1DF0 /* AnswerTableViewCell.swift */,
				B4EA9C3A2632D83700DF1DF0 /* AnswerTableViewCell.xib */,
				B4EA9C1B2632B65900DF1DF0 /* AuthorTableViewCell.swift */,
				B4EA9C1C2632B65900DF1DF0 /* AuthorTableViewCell.xib */,
				B4EA9C152632B48000DF1DF0 /* QuestionTableViewCell.swift */,
				B4EA9C162632B48000DF1DF0 /* QuestionTableViewCell.xib */,
			);
			path = Cells;
			sourceTree = "<group>";
		};
		E6652CB12384247B00A1BF6D = {
			isa = PBXGroup;
			children = (
				B4258E14263194610017ED37 /* BuffSDK */,
				E6652CC82384247B00A1BF6D /* BuffSDKTests */,
				E6652CBC2384247B00A1BF6D /* Products */,
			);
			sourceTree = "<group>";
		};
		E6652CBC2384247B00A1BF6D /* Products */ = {
			isa = PBXGroup;
			children = (
				E6652CBB2384247B00A1BF6D /* BuffSDK.framework */,
				E6652CC42384247B00A1BF6D /* BuffSDKTests.xctest */,
			);
			name = Products;
			sourceTree = "<group>";
		};
		E6652CC82384247B00A1BF6D /* BuffSDKTests */ = {
			isa = PBXGroup;
			children = (
				B475B049262F77000047C8CC /* BuffsEndpointTests.swift */,
				B427372C26301126003D443A /* ResponseValidatorTests.swift */,
				E6652CCB2384247B00A1BF6D /* Info.plist */,
			);
			path = BuffSDKTests;
			sourceTree = "<group>";
		};
/* End PBXGroup section */

/* Begin PBXHeadersBuildPhase section */
		E6652CB62384247B00A1BF6D /* Headers */ = {
			isa = PBXHeadersBuildPhase;
			buildActionMask = 2147483647;
			files = (
				B4258E41263194620017ED37 /* BuffSDK.h in Headers */,
			);
			runOnlyForDeploymentPostprocessing = 0;
		};
/* End PBXHeadersBuildPhase section */

/* Begin PBXNativeTarget section */
		E6652CBA2384247B00A1BF6D /* BuffSDK */ = {
			isa = PBXNativeTarget;
			buildConfigurationList = E6652CCF2384247B00A1BF6D /* Build configuration list for PBXNativeTarget "BuffSDK" */;
			buildPhases = (
				E6652CB62384247B00A1BF6D /* Headers */,
				E6652CB72384247B00A1BF6D /* Sources */,
				E6652CB82384247B00A1BF6D /* Frameworks */,
				E6652CB92384247B00A1BF6D /* Resources */,
				E62C4A4F23AD402000A5A628 /* Swift Lint */,
			);
			buildRules = (
			);
			dependencies = (
			);
			name = BuffSDK;
			packageProductDependencies = (
			);
			productName = BuffSDK;
			productReference = E6652CBB2384247B00A1BF6D /* BuffSDK.framework */;
			productType = "com.apple.product-type.framework";
		};
		E6652CC32384247B00A1BF6D /* BuffSDKTests */ = {
			isa = PBXNativeTarget;
			buildConfigurationList = E6652CD22384247B00A1BF6D /* Build configuration list for PBXNativeTarget "BuffSDKTests" */;
			buildPhases = (
				E6652CC02384247B00A1BF6D /* Sources */,
				E6652CC12384247B00A1BF6D /* Frameworks */,
				E6652CC22384247B00A1BF6D /* Resources */,
			);
			buildRules = (
			);
			dependencies = (
				E6652CC72384247B00A1BF6D /* PBXTargetDependency */,
			);
			name = BuffSDKTests;
			productName = BuffSDKTests;
			productReference = E6652CC42384247B00A1BF6D /* BuffSDKTests.xctest */;
			productType = "com.apple.product-type.bundle.unit-test";
		};
/* End PBXNativeTarget section */

/* Begin PBXProject section */
		E6652CB22384247B00A1BF6D /* Project object */ = {
			isa = PBXProject;
			attributes = {
				LastSwiftUpdateCheck = 1120;
				LastUpgradeCheck = 1200;
				ORGANIZATIONNAME = BuffUp;
				TargetAttributes = {
					E6652CBA2384247B00A1BF6D = {
						CreatedOnToolsVersion = 11.2.1;
						LastSwiftMigration = 1120;
					};
					E6652CC32384247B00A1BF6D = {
						CreatedOnToolsVersion = 11.2.1;
					};
				};
			};
			buildConfigurationList = E6652CB52384247B00A1BF6D /* Build configuration list for PBXProject "BuffSDK" */;
			compatibilityVersion = "Xcode 9.3";
			developmentRegion = en;
			hasScannedForEncodings = 0;
			knownRegions = (
				en,
				Base,
				el,
				es,
			);
			mainGroup = E6652CB12384247B00A1BF6D;
			packageReferences = (
			);
			productRefGroup = E6652CBC2384247B00A1BF6D /* Products */;
			projectDirPath = "";
			projectRoot = "";
			targets = (
				E6652CBA2384247B00A1BF6D /* BuffSDK */,
				E6652CC32384247B00A1BF6D /* BuffSDKTests */,
			);
		};
/* End PBXProject section */

/* Begin PBXResourcesBuildPhase section */
		E6652CB92384247B00A1BF6D /* Resources */ = {
			isa = PBXResourcesBuildPhase;
			buildActionMask = 2147483647;
			files = (
				B4EA9C182632B48000DF1DF0 /* QuestionTableViewCell.xib in Resources */,
				B4EA9C1E2632B65900DF1DF0 /* AuthorTableViewCell.xib in Resources */,
				B4EA9C3B2632D83700DF1DF0 /* AnswerTableViewCell.xib in Resources */,
				B42AEB982631BA7B00FC88DD /* BuffView.xib in Resources */,
				B4EA9C302632D15D00DF1DF0 /* Assets.xcassets in Resources */,
			);
			runOnlyForDeploymentPostprocessing = 0;
		};
		E6652CC22384247B00A1BF6D /* Resources */ = {
			isa = PBXResourcesBuildPhase;
			buildActionMask = 2147483647;
			files = (
			);
			runOnlyForDeploymentPostprocessing = 0;
		};
/* End PBXResourcesBuildPhase section */

/* Begin PBXShellScriptBuildPhase section */
		E62C4A4F23AD402000A5A628 /* Swift Lint */ = {
			isa = PBXShellScriptBuildPhase;
			buildActionMask = 2147483647;
			files = (
			);
			inputFileListPaths = (
			);
			inputPaths = (
			);
			name = "Swift Lint";
			outputFileListPaths = (
			);
			outputPaths = (
			);
			runOnlyForDeploymentPostprocessing = 0;
			shellPath = /bin/sh;
			shellScript = "# Type a script or drag a script file from your workspace to insert its path.\nif which swiftlint >/dev/null; then\n  swiftlint\nelse\n  echo \"warning: SwiftLint not installed, download from https://github.com/realm/SwiftLint\"\nfi\n";
		};
/* End PBXShellScriptBuildPhase section */

/* Begin PBXSourcesBuildPhase section */
		E6652CB72384247B00A1BF6D /* Sources */ = {
			isa = PBXSourcesBuildPhase;
			buildActionMask = 2147483647;
			files = (
				B4258E49263194620017ED37 /* CircularTimer.swift in Sources */,
				B4258E58263194620017ED37 /* APIConstants.swift in Sources */,
				B4258E4E263194620017ED37 /* Image.swift in Sources */,
				B4258E44263194620017ED37 /* UIView+QuizShowable.swift in Sources */,
				B48059782632EE9000BCF9AB /* UIViewController+QuizShowable.swift in Sources */,
				B4EA9C232632B67400DF1DF0 /* AnswerTableViewCell.swift in Sources */,
				B4258E55263194620017ED37 /* BuffStartingResults.swift in Sources */,
				B4258E54263194620017ED37 /* Answer.swift in Sources */,
				B4EA9C172632B48000DF1DF0 /* QuestionTableViewCell.swift in Sources */,
				B4258E59263194620017ED37 /* QuizFetcher.swift in Sources */,
				B4258E43263194620017ED37 /* UIView+Extensions.swift in Sources */,
				B4258E57263194620017ED37 /* FetchingError.swift in Sources */,
				B4EA9C1D2632B65900DF1DF0 /* AuthorTableViewCell.swift in Sources */,
				B4258E56263194620017ED37 /* Quiz.swift in Sources */,
				B4258E53263194620017ED37 /* Buffable.swift in Sources */,
				B4258E47263194620017ED37 /* UIViewNibLoadable.swift in Sources */,
				B4258E7D26319F690017ED37 /* Endpoint.swift in Sources */,
				B4258E46263194620017ED37 /* BuffView.swift in Sources */,
				B4258E7C26319F690017ED37 /* CatBreedsEndpoint.swift in Sources */,
				B4258E4F263194620017ED37 /* Question.swift in Sources */,
				B4258E5A263194620017ED37 /* Fetcher.swift in Sources */,
				B4258E4D263194620017ED37 /* Author.swift in Sources */,
				B4258E40263194620017ED37 /* BuffSDK.swift in Sources */,
				B4258E5B263194620017ED37 /* ResponseValidator.swift in Sources */,
				B4258E51263194620017ED37 /* BuffDelegate.swift in Sources */,
				B4258E52263194620017ED37 /* ModelConstants.swift in Sources */,
				B4258E6E263198280017ED37 /* BuffResponse.swift in Sources */,
				B4258E45263194620017ED37 /* Bundle+Extensions.swift in Sources */,
			);
			runOnlyForDeploymentPostprocessing = 0;
		};
		E6652CC02384247B00A1BF6D /* Sources */ = {
			isa = PBXSourcesBuildPhase;
			buildActionMask = 2147483647;
			files = (
				B475B04A262F77000047C8CC /* BuffsEndpointTests.swift in Sources */,
				B427372D26301126003D443A /* ResponseValidatorTests.swift in Sources */,
			);
			runOnlyForDeploymentPostprocessing = 0;
		};
/* End PBXSourcesBuildPhase section */

/* Begin PBXTargetDependency section */
		E6652CC72384247B00A1BF6D /* PBXTargetDependency */ = {
			isa = PBXTargetDependency;
			target = E6652CBA2384247B00A1BF6D /* BuffSDK */;
			targetProxy = E6652CC62384247B00A1BF6D /* PBXContainerItemProxy */;
		};
/* End PBXTargetDependency section */

/* Begin XCBuildConfiguration section */
		E6652CCD2384247B00A1BF6D /* Debug */ = {
			isa = XCBuildConfiguration;
			buildSettings = {
				ALWAYS_SEARCH_USER_PATHS = NO;
				CLANG_ANALYZER_LOCALIZABILITY_NONLOCALIZED = YES;
				CLANG_ANALYZER_NONNULL = YES;
				CLANG_ANALYZER_NUMBER_OBJECT_CONVERSION = YES_AGGRESSIVE;
				CLANG_CXX_LANGUAGE_STANDARD = "gnu++14";
				CLANG_CXX_LIBRARY = "libc++";
				CLANG_ENABLE_MODULES = YES;
				CLANG_ENABLE_OBJC_ARC = YES;
				CLANG_ENABLE_OBJC_WEAK = YES;
				CLANG_WARN_BLOCK_CAPTURE_AUTORELEASING = YES;
				CLANG_WARN_BOOL_CONVERSION = YES;
				CLANG_WARN_COMMA = YES;
				CLANG_WARN_CONSTANT_CONVERSION = YES;
				CLANG_WARN_DEPRECATED_OBJC_IMPLEMENTATIONS = YES;
				CLANG_WARN_DIRECT_OBJC_ISA_USAGE = YES_ERROR;
				CLANG_WARN_DOCUMENTATION_COMMENTS = YES;
				CLANG_WARN_EMPTY_BODY = YES;
				CLANG_WARN_ENUM_CONVERSION = YES;
				CLANG_WARN_INFINITE_RECURSION = YES;
				CLANG_WARN_INT_CONVERSION = YES;
				CLANG_WARN_NON_LITERAL_NULL_CONVERSION = YES;
				CLANG_WARN_OBJC_IMPLICIT_RETAIN_SELF = YES;
				CLANG_WARN_OBJC_LITERAL_CONVERSION = YES;
				CLANG_WARN_OBJC_ROOT_CLASS = YES_ERROR;
				CLANG_WARN_QUOTED_INCLUDE_IN_FRAMEWORK_HEADER = YES;
				CLANG_WARN_RANGE_LOOP_ANALYSIS = YES;
				CLANG_WARN_STRICT_PROTOTYPES = YES;
				CLANG_WARN_SUSPICIOUS_MOVE = YES;
				CLANG_WARN_UNGUARDED_AVAILABILITY = YES_AGGRESSIVE;
				CLANG_WARN_UNREACHABLE_CODE = YES;
				CLANG_WARN__DUPLICATE_METHOD_MATCH = YES;
				COPY_PHASE_STRIP = NO;
				CURRENT_PROJECT_VERSION = 1;
				DEBUG_INFORMATION_FORMAT = dwarf;
				ENABLE_STRICT_OBJC_MSGSEND = YES;
				ENABLE_TESTABILITY = YES;
				EXCLUDED_ARCHS = arm64;
				GCC_C_LANGUAGE_STANDARD = gnu11;
				GCC_DYNAMIC_NO_PIC = NO;
				GCC_NO_COMMON_BLOCKS = YES;
				GCC_OPTIMIZATION_LEVEL = 0;
				GCC_PREPROCESSOR_DEFINITIONS = (
					"DEBUG=1",
					"$(inherited)",
				);
				GCC_WARN_64_TO_32_BIT_CONVERSION = YES;
				GCC_WARN_ABOUT_RETURN_TYPE = YES_ERROR;
				GCC_WARN_UNDECLARED_SELECTOR = YES;
				GCC_WARN_UNINITIALIZED_AUTOS = YES_AGGRESSIVE;
				GCC_WARN_UNUSED_FUNCTION = YES;
				GCC_WARN_UNUSED_VARIABLE = YES;
				IPHONEOS_DEPLOYMENT_TARGET = 12.0;
				MTL_ENABLE_DEBUG_INFO = INCLUDE_SOURCE;
				MTL_FAST_MATH = YES;
				ONLY_ACTIVE_ARCH = YES;
				SDKROOT = iphoneos;
				SWIFT_ACTIVE_COMPILATION_CONDITIONS = DEBUG;
				SWIFT_OPTIMIZATION_LEVEL = "-Onone";
				SWIFT_VERSION = 5.0;
				VERSIONING_SYSTEM = "apple-generic";
				VERSION_INFO_PREFIX = "";
			};
			name = Debug;
		};
		E6652CCE2384247B00A1BF6D /* Release */ = {
			isa = XCBuildConfiguration;
			buildSettings = {
				ALWAYS_SEARCH_USER_PATHS = NO;
				CLANG_ANALYZER_LOCALIZABILITY_NONLOCALIZED = YES;
				CLANG_ANALYZER_NONNULL = YES;
				CLANG_ANALYZER_NUMBER_OBJECT_CONVERSION = YES_AGGRESSIVE;
				CLANG_CXX_LANGUAGE_STANDARD = "gnu++14";
				CLANG_CXX_LIBRARY = "libc++";
				CLANG_ENABLE_MODULES = YES;
				CLANG_ENABLE_OBJC_ARC = YES;
				CLANG_ENABLE_OBJC_WEAK = YES;
				CLANG_WARN_BLOCK_CAPTURE_AUTORELEASING = YES;
				CLANG_WARN_BOOL_CONVERSION = YES;
				CLANG_WARN_COMMA = YES;
				CLANG_WARN_CONSTANT_CONVERSION = YES;
				CLANG_WARN_DEPRECATED_OBJC_IMPLEMENTATIONS = YES;
				CLANG_WARN_DIRECT_OBJC_ISA_USAGE = YES_ERROR;
				CLANG_WARN_DOCUMENTATION_COMMENTS = YES;
				CLANG_WARN_EMPTY_BODY = YES;
				CLANG_WARN_ENUM_CONVERSION = YES;
				CLANG_WARN_INFINITE_RECURSION = YES;
				CLANG_WARN_INT_CONVERSION = YES;
				CLANG_WARN_NON_LITERAL_NULL_CONVERSION = YES;
				CLANG_WARN_OBJC_IMPLICIT_RETAIN_SELF = YES;
				CLANG_WARN_OBJC_LITERAL_CONVERSION = YES;
				CLANG_WARN_OBJC_ROOT_CLASS = YES_ERROR;
				CLANG_WARN_QUOTED_INCLUDE_IN_FRAMEWORK_HEADER = YES;
				CLANG_WARN_RANGE_LOOP_ANALYSIS = YES;
				CLANG_WARN_STRICT_PROTOTYPES = YES;
				CLANG_WARN_SUSPICIOUS_MOVE = YES;
				CLANG_WARN_UNGUARDED_AVAILABILITY = YES_AGGRESSIVE;
				CLANG_WARN_UNREACHABLE_CODE = YES;
				CLANG_WARN__DUPLICATE_METHOD_MATCH = YES;
				COPY_PHASE_STRIP = NO;
				CURRENT_PROJECT_VERSION = 1;
				DEBUG_INFORMATION_FORMAT = "dwarf-with-dsym";
				ENABLE_NS_ASSERTIONS = NO;
				ENABLE_STRICT_OBJC_MSGSEND = YES;
				EXCLUDED_ARCHS = arm64;
				GCC_C_LANGUAGE_STANDARD = gnu11;
				GCC_NO_COMMON_BLOCKS = YES;
				GCC_WARN_64_TO_32_BIT_CONVERSION = YES;
				GCC_WARN_ABOUT_RETURN_TYPE = YES_ERROR;
				GCC_WARN_UNDECLARED_SELECTOR = YES;
				GCC_WARN_UNINITIALIZED_AUTOS = YES_AGGRESSIVE;
				GCC_WARN_UNUSED_FUNCTION = YES;
				GCC_WARN_UNUSED_VARIABLE = YES;
				IPHONEOS_DEPLOYMENT_TARGET = 12.0;
				MTL_ENABLE_DEBUG_INFO = NO;
				MTL_FAST_MATH = YES;
				SDKROOT = iphoneos;
				SWIFT_COMPILATION_MODE = wholemodule;
				SWIFT_OPTIMIZATION_LEVEL = "-O";
				SWIFT_VERSION = 5.0;
				VALIDATE_PRODUCT = YES;
				VERSIONING_SYSTEM = "apple-generic";
				VERSION_INFO_PREFIX = "";
			};
			name = Release;
		};
		E6652CD02384247B00A1BF6D /* Debug */ = {
			isa = XCBuildConfiguration;
			buildSettings = {
				CLANG_ENABLE_MODULES = YES;
				CODE_SIGN_STYLE = Automatic;
				DEBUG_INFORMATION_FORMAT = "dwarf-with-dsym";
				DEFINES_MODULE = YES;
				DEVELOPMENT_TEAM = 2ZJ696D3ZA;
				DYLIB_COMPATIBILITY_VERSION = 1;
				DYLIB_CURRENT_VERSION = 1;
				DYLIB_INSTALL_NAME_BASE = "@rpath";
				FRAMEWORK_SEARCH_PATHS = "$(inherited)";
				INFOPLIST_FILE = BuffSDK/Info.plist;
				INSTALL_PATH = "$(LOCAL_LIBRARY_DIR)/Frameworks";
				IPHONEOS_DEPLOYMENT_TARGET = 12.0;
				LD_RUNPATH_SEARCH_PATHS = (
					"$(inherited)",
					"@executable_path/Frameworks",
					"@loader_path/Frameworks",
				);
				ONLY_ACTIVE_ARCH = NO;
				PRODUCT_BUNDLE_IDENTIFIER = com.buffup.BuffSDK;
				PRODUCT_NAME = "$(TARGET_NAME:c99extidentifier)";
				SKIP_INSTALL = YES;
				SUPPORTS_MACCATALYST = NO;
				SWIFT_OBJC_BRIDGING_HEADER = "";
				SWIFT_OPTIMIZATION_LEVEL = "-Onone";
				SWIFT_VERSION = 5.0;
				TARGETED_DEVICE_FAMILY = "1,2";
			};
			name = Debug;
		};
		E6652CD12384247B00A1BF6D /* Release */ = {
			isa = XCBuildConfiguration;
			buildSettings = {
				CLANG_ENABLE_MODULES = YES;
				CODE_SIGN_STYLE = Automatic;
				DEFINES_MODULE = YES;
				DEVELOPMENT_TEAM = 2ZJ696D3ZA;
				DYLIB_COMPATIBILITY_VERSION = 1;
				DYLIB_CURRENT_VERSION = 1;
				DYLIB_INSTALL_NAME_BASE = "@rpath";
				FRAMEWORK_SEARCH_PATHS = "$(inherited)";
				INFOPLIST_FILE = BuffSDK/Info.plist;
				INSTALL_PATH = "$(LOCAL_LIBRARY_DIR)/Frameworks";
				IPHONEOS_DEPLOYMENT_TARGET = 12.0;
				LD_RUNPATH_SEARCH_PATHS = (
					"$(inherited)",
					"@executable_path/Frameworks",
					"@loader_path/Frameworks",
				);
				ONLY_ACTIVE_ARCH = YES;
				PRODUCT_BUNDLE_IDENTIFIER = com.buffup.BuffSDK;
				PRODUCT_NAME = "$(TARGET_NAME:c99extidentifier)";
				SKIP_INSTALL = YES;
				SUPPORTS_MACCATALYST = NO;
				SWIFT_OBJC_BRIDGING_HEADER = "";
				SWIFT_VERSION = 5.0;
				TARGETED_DEVICE_FAMILY = "1,2";
			};
			name = Release;
		};
		E6652CD32384247B00A1BF6D /* Debug */ = {
			isa = XCBuildConfiguration;
			buildSettings = {
				ALWAYS_EMBED_SWIFT_STANDARD_LIBRARIES = YES;
				CODE_SIGN_STYLE = Automatic;
				DEVELOPMENT_TEAM = 2ZJ696D3ZA;
				INFOPLIST_FILE = BuffSDKTests/Info.plist;
				LD_RUNPATH_SEARCH_PATHS = (
					"$(inherited)",
					"@executable_path/Frameworks",
					"@loader_path/Frameworks",
				);
				PRODUCT_BUNDLE_IDENTIFIER = com.buffup.BuffSDKTests;
				PRODUCT_NAME = "$(TARGET_NAME)";
				SWIFT_VERSION = 5.0;
				TARGETED_DEVICE_FAMILY = "1,2";
			};
			name = Debug;
		};
		E6652CD42384247B00A1BF6D /* Release */ = {
			isa = XCBuildConfiguration;
			buildSettings = {
				ALWAYS_EMBED_SWIFT_STANDARD_LIBRARIES = YES;
				CODE_SIGN_STYLE = Automatic;
				DEVELOPMENT_TEAM = 2ZJ696D3ZA;
				INFOPLIST_FILE = BuffSDKTests/Info.plist;
				LD_RUNPATH_SEARCH_PATHS = (
					"$(inherited)",
					"@executable_path/Frameworks",
					"@loader_path/Frameworks",
				);
				PRODUCT_BUNDLE_IDENTIFIER = com.buffup.BuffSDKTests;
				PRODUCT_NAME = "$(TARGET_NAME)";
				SWIFT_VERSION = 5.0;
				TARGETED_DEVICE_FAMILY = "1,2";
			};
			name = Release;
		};
/* End XCBuildConfiguration section */

/* Begin XCConfigurationList section */
		E6652CB52384247B00A1BF6D /* Build configuration list for PBXProject "BuffSDK" */ = {
			isa = XCConfigurationList;
			buildConfigurations = (
				E6652CCD2384247B00A1BF6D /* Debug */,
				E6652CCE2384247B00A1BF6D /* Release */,
			);
			defaultConfigurationIsVisible = 0;
			defaultConfigurationName = Release;
		};
		E6652CCF2384247B00A1BF6D /* Build configuration list for PBXNativeTarget "BuffSDK" */ = {
			isa = XCConfigurationList;
			buildConfigurations = (
				E6652CD02384247B00A1BF6D /* Debug */,
				E6652CD12384247B00A1BF6D /* Release */,
			);
			defaultConfigurationIsVisible = 0;
			defaultConfigurationName = Release;
		};
		E6652CD22384247B00A1BF6D /* Build configuration list for PBXNativeTarget "BuffSDKTests" */ = {
			isa = XCConfigurationList;
			buildConfigurations = (
				E6652CD32384247B00A1BF6D /* Debug */,
				E6652CD42384247B00A1BF6D /* Release */,
			);
			defaultConfigurationIsVisible = 0;
			defaultConfigurationName = Release;
		};
/* End XCConfigurationList section */
	};
	rootObject = E6652CB22384247B00A1BF6D /* Project object */;
}
